// !$*UTF8*$!
{
	archiveVersion = 1;
	classes = {
	};
	objectVersion = 46;
	objects = {

/* Begin PBXBuildFile section */
		818D2CD81AEDEA4F00C3D278 /* LoginView.swift in Sources */ = {isa = PBXBuildFile; fileRef = 818D2CD71AEDEA4F00C3D278 /* LoginView.swift */; };
		818D2CDA1AEDFE9C00C3D278 /* Social.framework in Frameworks */ = {isa = PBXBuildFile; fileRef = 818D2CD91AEDFE9C00C3D278 /* Social.framework */; };
		818D2CDC1AEDFECA00C3D278 /* Accounts.framework in Frameworks */ = {isa = PBXBuildFile; fileRef = 818D2CDB1AEDFECA00C3D278 /* Accounts.framework */; };
		818D2CDE1AEE005500C3D278 /* Twitter.framework in Frameworks */ = {isa = PBXBuildFile; fileRef = 818D2CDD1AEE005500C3D278 /* Twitter.framework */; };
		818D2CE01AF0525C00C3D278 /* BookSearchResultTable.swift in Sources */ = {isa = PBXBuildFile; fileRef = 818D2CDF1AF0525C00C3D278 /* BookSearchResultTable.swift */; };
		81B69DCE1AEA9AC100D9E4BB /* AppDelegate.swift in Sources */ = {isa = PBXBuildFile; fileRef = 81B69DCD1AEA9AC100D9E4BB /* AppDelegate.swift */; };
		81B69DD31AEA9AC100D9E4BB /* Main.storyboard in Resources */ = {isa = PBXBuildFile; fileRef = 81B69DD11AEA9AC100D9E4BB /* Main.storyboard */; };
		81B69DD51AEA9AC100D9E4BB /* Images.xcassets in Resources */ = {isa = PBXBuildFile; fileRef = 81B69DD41AEA9AC100D9E4BB /* Images.xcassets */; };
		81B69DD81AEA9AC100D9E4BB /* LaunchScreen.xib in Resources */ = {isa = PBXBuildFile; fileRef = 81B69DD61AEA9AC100D9E4BB /* LaunchScreen.xib */; };
		81B69DE41AEA9AC100D9E4BB /* TextCycleTests.swift in Sources */ = {isa = PBXBuildFile; fileRef = 81B69DE31AEA9AC100D9E4BB /* TextCycleTests.swift */; };
		81B69DF41AEA9FEB00D9E4BB /* Bolts.framework in Frameworks */ = {isa = PBXBuildFile; fileRef = 81B69DEE1AEA9FEB00D9E4BB /* Bolts.framework */; };
		81B69DF51AEA9FEB00D9E4BB /* ParseCrashReporting.framework in Frameworks */ = {isa = PBXBuildFile; fileRef = 81B69DEF1AEA9FEB00D9E4BB /* ParseCrashReporting.framework */; };
		81B69DF61AEA9FEB00D9E4BB /* ParseUI.framework in Frameworks */ = {isa = PBXBuildFile; fileRef = 81B69DF01AEA9FEB00D9E4BB /* ParseUI.framework */; };
		81B69DF71AEA9FEB00D9E4BB /* ParseFacebookUtilsV4.framework in Frameworks */ = {isa = PBXBuildFile; fileRef = 81B69DF11AEA9FEB00D9E4BB /* ParseFacebookUtilsV4.framework */; };
		81B69DF81AEA9FEB00D9E4BB /* ParseFacebookUtils.framework in Frameworks */ = {isa = PBXBuildFile; fileRef = 81B69DF21AEA9FEB00D9E4BB /* ParseFacebookUtils.framework */; };
		81B69DF91AEA9FEB00D9E4BB /* Parse.framework in Frameworks */ = {isa = PBXBuildFile; fileRef = 81B69DF31AEA9FEB00D9E4BB /* Parse.framework */; };
		81B69DFB1AEAA02900D9E4BB /* AudioToolbox.framework in Frameworks */ = {isa = PBXBuildFile; fileRef = 81B69DFA1AEAA02900D9E4BB /* AudioToolbox.framework */; };
		81B69DFD1AEAA03100D9E4BB /* CFNetwork.framework in Frameworks */ = {isa = PBXBuildFile; fileRef = 81B69DFC1AEAA03100D9E4BB /* CFNetwork.framework */; };
		81B69DFF1AEAA03900D9E4BB /* CoreGraphics.framework in Frameworks */ = {isa = PBXBuildFile; fileRef = 81B69DFE1AEAA03900D9E4BB /* CoreGraphics.framework */; };
		81B69E011AEAA04100D9E4BB /* CoreLocation.framework in Frameworks */ = {isa = PBXBuildFile; fileRef = 81B69E001AEAA04100D9E4BB /* CoreLocation.framework */; };
		81B69E031AEAA04900D9E4BB /* MobileCoreServices.framework in Frameworks */ = {isa = PBXBuildFile; fileRef = 81B69E021AEAA04900D9E4BB /* MobileCoreServices.framework */; };
		81B69E051AEAA05200D9E4BB /* QuartzCore.framework in Frameworks */ = {isa = PBXBuildFile; fileRef = 81B69E041AEAA05200D9E4BB /* QuartzCore.framework */; };
		81B69E071AEAA05900D9E4BB /* Security.framework in Frameworks */ = {isa = PBXBuildFile; fileRef = 81B69E061AEAA05900D9E4BB /* Security.framework */; };
		81B69E091AEAA06200D9E4BB /* StoreKit.framework in Frameworks */ = {isa = PBXBuildFile; fileRef = 81B69E081AEAA06200D9E4BB /* StoreKit.framework */; };
		81B69E0B1AEAA06D00D9E4BB /* SystemConfiguration.framework in Frameworks */ = {isa = PBXBuildFile; fileRef = 81B69E0A1AEAA06D00D9E4BB /* SystemConfiguration.framework */; };
		81B69E0D1AEAA07800D9E4BB /* libz.dylib in Frameworks */ = {isa = PBXBuildFile; fileRef = 81B69E0C1AEAA07800D9E4BB /* libz.dylib */; };
		81B69E0F1AEAA08300D9E4BB /* libsqlite3.dylib in Frameworks */ = {isa = PBXBuildFile; fileRef = 81B69E0E1AEAA08300D9E4BB /* libsqlite3.dylib */; };
/* End PBXBuildFile section */

/* Begin PBXContainerItemProxy section */
		81B69DDE1AEA9AC100D9E4BB /* PBXContainerItemProxy */ = {
			isa = PBXContainerItemProxy;
			containerPortal = 81B69DC01AEA9AC100D9E4BB /* Project object */;
			proxyType = 1;
			remoteGlobalIDString = 81B69DC71AEA9AC100D9E4BB;
			remoteInfo = TextCycle;
		};
/* End PBXContainerItemProxy section */

/* Begin PBXFileReference section */
		818D2CD71AEDEA4F00C3D278 /* LoginView.swift */ = {isa = PBXFileReference; fileEncoding = 4; lastKnownFileType = sourcecode.swift; path = LoginView.swift; sourceTree = "<group>"; };
		818D2CD91AEDFE9C00C3D278 /* Social.framework */ = {isa = PBXFileReference; lastKnownFileType = wrapper.framework; name = Social.framework; path = System/Library/Frameworks/Social.framework; sourceTree = SDKROOT; };
		818D2CDB1AEDFECA00C3D278 /* Accounts.framework */ = {isa = PBXFileReference; lastKnownFileType = wrapper.framework; name = Accounts.framework; path = System/Library/Frameworks/Accounts.framework; sourceTree = SDKROOT; };
		818D2CDD1AEE005500C3D278 /* Twitter.framework */ = {isa = PBXFileReference; lastKnownFileType = wrapper.framework; name = Twitter.framework; path = System/Library/Frameworks/Twitter.framework; sourceTree = SDKROOT; };
		818D2CDF1AF0525C00C3D278 /* BookSearchResultTable.swift */ = {isa = PBXFileReference; fileEncoding = 4; lastKnownFileType = sourcecode.swift; path = BookSearchResultTable.swift; sourceTree = "<group>"; };
		81B69DC81AEA9AC100D9E4BB /* TextCycle.app */ = {isa = PBXFileReference; explicitFileType = wrapper.application; includeInIndex = 0; path = TextCycle.app; sourceTree = BUILT_PRODUCTS_DIR; };
		81B69DCC1AEA9AC100D9E4BB /* Info.plist */ = {isa = PBXFileReference; lastKnownFileType = text.plist.xml; path = Info.plist; sourceTree = "<group>"; };
		81B69DCD1AEA9AC100D9E4BB /* AppDelegate.swift */ = {isa = PBXFileReference; lastKnownFileType = sourcecode.swift; path = AppDelegate.swift; sourceTree = "<group>"; };
		81B69DD21AEA9AC100D9E4BB /* Base */ = {isa = PBXFileReference; lastKnownFileType = file.storyboard; name = Base; path = Base.lproj/Main.storyboard; sourceTree = "<group>"; };
		81B69DD41AEA9AC100D9E4BB /* Images.xcassets */ = {isa = PBXFileReference; lastKnownFileType = folder.assetcatalog; path = Images.xcassets; sourceTree = "<group>"; };
		81B69DD71AEA9AC100D9E4BB /* Base */ = {isa = PBXFileReference; lastKnownFileType = file.xib; name = Base; path = Base.lproj/LaunchScreen.xib; sourceTree = "<group>"; };
		81B69DDD1AEA9AC100D9E4BB /* TextCycleTests.xctest */ = {isa = PBXFileReference; explicitFileType = wrapper.cfbundle; includeInIndex = 0; path = TextCycleTests.xctest; sourceTree = BUILT_PRODUCTS_DIR; };
		81B69DE21AEA9AC100D9E4BB /* Info.plist */ = {isa = PBXFileReference; lastKnownFileType = text.plist.xml; path = Info.plist; sourceTree = "<group>"; };
		81B69DE31AEA9AC100D9E4BB /* TextCycleTests.swift */ = {isa = PBXFileReference; lastKnownFileType = sourcecode.swift; path = TextCycleTests.swift; sourceTree = "<group>"; };
		81B69DEE1AEA9FEB00D9E4BB /* Bolts.framework */ = {isa = PBXFileReference; lastKnownFileType = wrapper.framework; path = Bolts.framework; sourceTree = "<group>"; };
		81B69DEF1AEA9FEB00D9E4BB /* ParseCrashReporting.framework */ = {isa = PBXFileReference; lastKnownFileType = wrapper.framework; path = ParseCrashReporting.framework; sourceTree = "<group>"; };
		81B69DF01AEA9FEB00D9E4BB /* ParseUI.framework */ = {isa = PBXFileReference; lastKnownFileType = wrapper.framework; path = ParseUI.framework; sourceTree = "<group>"; };
		81B69DF11AEA9FEB00D9E4BB /* ParseFacebookUtilsV4.framework */ = {isa = PBXFileReference; lastKnownFileType = wrapper.framework; path = ParseFacebookUtilsV4.framework; sourceTree = "<group>"; };
		81B69DF21AEA9FEB00D9E4BB /* ParseFacebookUtils.framework */ = {isa = PBXFileReference; lastKnownFileType = wrapper.framework; path = ParseFacebookUtils.framework; sourceTree = "<group>"; };
		81B69DF31AEA9FEB00D9E4BB /* Parse.framework */ = {isa = PBXFileReference; lastKnownFileType = wrapper.framework; path = Parse.framework; sourceTree = "<group>"; };
		81B69DFA1AEAA02900D9E4BB /* AudioToolbox.framework */ = {isa = PBXFileReference; lastKnownFileType = wrapper.framework; name = AudioToolbox.framework; path = System/Library/Frameworks/AudioToolbox.framework; sourceTree = SDKROOT; };
		81B69DFC1AEAA03100D9E4BB /* CFNetwork.framework */ = {isa = PBXFileReference; lastKnownFileType = wrapper.framework; name = CFNetwork.framework; path = System/Library/Frameworks/CFNetwork.framework; sourceTree = SDKROOT; };
		81B69DFE1AEAA03900D9E4BB /* CoreGraphics.framework */ = {isa = PBXFileReference; lastKnownFileType = wrapper.framework; name = CoreGraphics.framework; path = System/Library/Frameworks/CoreGraphics.framework; sourceTree = SDKROOT; };
		81B69E001AEAA04100D9E4BB /* CoreLocation.framework */ = {isa = PBXFileReference; lastKnownFileType = wrapper.framework; name = CoreLocation.framework; path = System/Library/Frameworks/CoreLocation.framework; sourceTree = SDKROOT; };
		81B69E021AEAA04900D9E4BB /* MobileCoreServices.framework */ = {isa = PBXFileReference; lastKnownFileType = wrapper.framework; name = MobileCoreServices.framework; path = System/Library/Frameworks/MobileCoreServices.framework; sourceTree = SDKROOT; };
		81B69E041AEAA05200D9E4BB /* QuartzCore.framework */ = {isa = PBXFileReference; lastKnownFileType = wrapper.framework; name = QuartzCore.framework; path = System/Library/Frameworks/QuartzCore.framework; sourceTree = SDKROOT; };
		81B69E061AEAA05900D9E4BB /* Security.framework */ = {isa = PBXFileReference; lastKnownFileType = wrapper.framework; name = Security.framework; path = System/Library/Frameworks/Security.framework; sourceTree = SDKROOT; };
		81B69E081AEAA06200D9E4BB /* StoreKit.framework */ = {isa = PBXFileReference; lastKnownFileType = wrapper.framework; name = StoreKit.framework; path = System/Library/Frameworks/StoreKit.framework; sourceTree = SDKROOT; };
		81B69E0A1AEAA06D00D9E4BB /* SystemConfiguration.framework */ = {isa = PBXFileReference; lastKnownFileType = wrapper.framework; name = SystemConfiguration.framework; path = System/Library/Frameworks/SystemConfiguration.framework; sourceTree = SDKROOT; };
		81B69E0C1AEAA07800D9E4BB /* libz.dylib */ = {isa = PBXFileReference; lastKnownFileType = "compiled.mach-o.dylib"; name = libz.dylib; path = usr/lib/libz.dylib; sourceTree = SDKROOT; };
		81B69E0E1AEAA08300D9E4BB /* libsqlite3.dylib */ = {isa = PBXFileReference; lastKnownFileType = "compiled.mach-o.dylib"; name = libsqlite3.dylib; path = usr/lib/libsqlite3.dylib; sourceTree = SDKROOT; };
/* End PBXFileReference section */

/* Begin PBXFrameworksBuildPhase section */
		81B69DC51AEA9AC100D9E4BB /* Frameworks */ = {
			isa = PBXFrameworksBuildPhase;
			buildActionMask = 2147483647;
			files = (
				818D2CDE1AEE005500C3D278 /* Twitter.framework in Frameworks */,
				818D2CDC1AEDFECA00C3D278 /* Accounts.framework in Frameworks */,
				818D2CDA1AEDFE9C00C3D278 /* Social.framework in Frameworks */,
				81B69E0F1AEAA08300D9E4BB /* libsqlite3.dylib in Frameworks */,
				81B69E0D1AEAA07800D9E4BB /* libz.dylib in Frameworks */,
				81B69E0B1AEAA06D00D9E4BB /* SystemConfiguration.framework in Frameworks */,
				81B69E091AEAA06200D9E4BB /* StoreKit.framework in Frameworks */,
				81B69E071AEAA05900D9E4BB /* Security.framework in Frameworks */,
				81B69E051AEAA05200D9E4BB /* QuartzCore.framework in Frameworks */,
				81B69E031AEAA04900D9E4BB /* MobileCoreServices.framework in Frameworks */,
				81B69E011AEAA04100D9E4BB /* CoreLocation.framework in Frameworks */,
				81B69DFF1AEAA03900D9E4BB /* CoreGraphics.framework in Frameworks */,
				81B69DFD1AEAA03100D9E4BB /* CFNetwork.framework in Frameworks */,
				81B69DFB1AEAA02900D9E4BB /* AudioToolbox.framework in Frameworks */,
				81B69DF61AEA9FEB00D9E4BB /* ParseUI.framework in Frameworks */,
				81B69DF41AEA9FEB00D9E4BB /* Bolts.framework in Frameworks */,
				81B69DF71AEA9FEB00D9E4BB /* ParseFacebookUtilsV4.framework in Frameworks */,
				81B69DF81AEA9FEB00D9E4BB /* ParseFacebookUtils.framework in Frameworks */,
				81B69DF91AEA9FEB00D9E4BB /* Parse.framework in Frameworks */,
				81B69DF51AEA9FEB00D9E4BB /* ParseCrashReporting.framework in Frameworks */,
			);
			runOnlyForDeploymentPostprocessing = 0;
		};
		81B69DDA1AEA9AC100D9E4BB /* Frameworks */ = {
			isa = PBXFrameworksBuildPhase;
			buildActionMask = 2147483647;
			files = (
			);
			runOnlyForDeploymentPostprocessing = 0;
		};
/* End PBXFrameworksBuildPhase section */

/* Begin PBXGroup section */
		81B69DBF1AEA9AC100D9E4BB = {
			isa = PBXGroup;
			children = (
				81B69DED1AEA9F9E00D9E4BB /* Frameworks */,
				81B69DCA1AEA9AC100D9E4BB /* TextCycle */,
				81B69DE01AEA9AC100D9E4BB /* TextCycleTests */,
				81B69DC91AEA9AC100D9E4BB /* Products */,
			);
			sourceTree = "<group>";
		};
		81B69DC91AEA9AC100D9E4BB /* Products */ = {
			isa = PBXGroup;
			children = (
				81B69DC81AEA9AC100D9E4BB /* TextCycle.app */,
				81B69DDD1AEA9AC100D9E4BB /* TextCycleTests.xctest */,
			);
			name = Products;
			sourceTree = "<group>";
		};
		81B69DCA1AEA9AC100D9E4BB /* TextCycle */ = {
			isa = PBXGroup;
			children = (
				818D2CD71AEDEA4F00C3D278 /* LoginView.swift */,
				81B69DCD1AEA9AC100D9E4BB /* AppDelegate.swift */,
				818D2CDF1AF0525C00C3D278 /* BookSearchResultTable.swift */,
				81B69DD11AEA9AC100D9E4BB /* Main.storyboard */,
				81B69DCB1AEA9AC100D9E4BB /* Supporting Files */,
			);
			path = TextCycle;
			sourceTree = "<group>";
		};
		81B69DCB1AEA9AC100D9E4BB /* Supporting Files */ = {
			isa = PBXGroup;
			children = (
				81B69DD61AEA9AC100D9E4BB /* LaunchScreen.xib */,
				81B69DD41AEA9AC100D9E4BB /* Images.xcassets */,
				81B69DCC1AEA9AC100D9E4BB /* Info.plist */,
			);
			name = "Supporting Files";
			sourceTree = "<group>";
		};
		81B69DE01AEA9AC100D9E4BB /* TextCycleTests */ = {
			isa = PBXGroup;
			children = (
				81B69DE31AEA9AC100D9E4BB /* TextCycleTests.swift */,
				81B69DE11AEA9AC100D9E4BB /* Supporting Files */,
			);
			path = TextCycleTests;
			sourceTree = "<group>";
		};
		81B69DE11AEA9AC100D9E4BB /* Supporting Files */ = {
			isa = PBXGroup;
			children = (
				81B69DE21AEA9AC100D9E4BB /* Info.plist */,
			);
			name = "Supporting Files";
			sourceTree = "<group>";
		};
		81B69DED1AEA9F9E00D9E4BB /* Frameworks */ = {
			isa = PBXGroup;
			children = (
				818D2CDD1AEE005500C3D278 /* Twitter.framework */,
				818D2CDB1AEDFECA00C3D278 /* Accounts.framework */,
				818D2CD91AEDFE9C00C3D278 /* Social.framework */,
				81B69E0E1AEAA08300D9E4BB /* libsqlite3.dylib */,
				81B69E0C1AEAA07800D9E4BB /* libz.dylib */,
				81B69E0A1AEAA06D00D9E4BB /* SystemConfiguration.framework */,
				81B69E081AEAA06200D9E4BB /* StoreKit.framework */,
				81B69E061AEAA05900D9E4BB /* Security.framework */,
				81B69E041AEAA05200D9E4BB /* QuartzCore.framework */,
				81B69E021AEAA04900D9E4BB /* MobileCoreServices.framework */,
				81B69E001AEAA04100D9E4BB /* CoreLocation.framework */,
				81B69DFE1AEAA03900D9E4BB /* CoreGraphics.framework */,
				81B69DFC1AEAA03100D9E4BB /* CFNetwork.framework */,
				81B69DFA1AEAA02900D9E4BB /* AudioToolbox.framework */,
				81B69DEE1AEA9FEB00D9E4BB /* Bolts.framework */,
				81B69DEF1AEA9FEB00D9E4BB /* ParseCrashReporting.framework */,
				81B69DF01AEA9FEB00D9E4BB /* ParseUI.framework */,
				81B69DF11AEA9FEB00D9E4BB /* ParseFacebookUtilsV4.framework */,
				81B69DF21AEA9FEB00D9E4BB /* ParseFacebookUtils.framework */,
				81B69DF31AEA9FEB00D9E4BB /* Parse.framework */,
			);
			name = Frameworks;
			sourceTree = "<group>";
		};
/* End PBXGroup section */

/* Begin PBXNativeTarget section */
		81B69DC71AEA9AC100D9E4BB /* TextCycle */ = {
			isa = PBXNativeTarget;
			buildConfigurationList = 81B69DE71AEA9AC100D9E4BB /* Build configuration list for PBXNativeTarget "TextCycle" */;
			buildPhases = (
				81B69DC41AEA9AC100D9E4BB /* Sources */,
				81B69DC51AEA9AC100D9E4BB /* Frameworks */,
				81B69DC61AEA9AC100D9E4BB /* Resources */,
			);
			buildRules = (
			);
			dependencies = (
			);
			name = TextCycle;
			productName = TextCycle;
			productReference = 81B69DC81AEA9AC100D9E4BB /* TextCycle.app */;
			productType = "com.apple.product-type.application";
		};
		81B69DDC1AEA9AC100D9E4BB /* TextCycleTests */ = {
			isa = PBXNativeTarget;
			buildConfigurationList = 81B69DEA1AEA9AC100D9E4BB /* Build configuration list for PBXNativeTarget "TextCycleTests" */;
			buildPhases = (
				81B69DD91AEA9AC100D9E4BB /* Sources */,
				81B69DDA1AEA9AC100D9E4BB /* Frameworks */,
				81B69DDB1AEA9AC100D9E4BB /* Resources */,
			);
			buildRules = (
			);
			dependencies = (
				81B69DDF1AEA9AC100D9E4BB /* PBXTargetDependency */,
			);
			name = TextCycleTests;
			productName = TextCycleTests;
			productReference = 81B69DDD1AEA9AC100D9E4BB /* TextCycleTests.xctest */;
			productType = "com.apple.product-type.bundle.unit-test";
		};
/* End PBXNativeTarget section */

/* Begin PBXProject section */
		81B69DC01AEA9AC100D9E4BB /* Project object */ = {
			isa = PBXProject;
			attributes = {
				LastUpgradeCheck = 0610;
				ORGANIZATIONNAME = "Logan Girard";
				TargetAttributes = {
					81B69DC71AEA9AC100D9E4BB = {
						CreatedOnToolsVersion = 6.1.1;
					};
					81B69DDC1AEA9AC100D9E4BB = {
						CreatedOnToolsVersion = 6.1.1;
						TestTargetID = 81B69DC71AEA9AC100D9E4BB;
					};
				};
			};
			buildConfigurationList = 81B69DC31AEA9AC100D9E4BB /* Build configuration list for PBXProject "TextCycle" */;
			compatibilityVersion = "Xcode 3.2";
			developmentRegion = English;
			hasScannedForEncodings = 0;
			knownRegions = (
				en,
				Base,
			);
			mainGroup = 81B69DBF1AEA9AC100D9E4BB;
			productRefGroup = 81B69DC91AEA9AC100D9E4BB /* Products */;
			projectDirPath = "";
			projectRoot = "";
			targets = (
				81B69DC71AEA9AC100D9E4BB /* TextCycle */,
				81B69DDC1AEA9AC100D9E4BB /* TextCycleTests */,
			);
		};
/* End PBXProject section */

/* Begin PBXResourcesBuildPhase section */
		81B69DC61AEA9AC100D9E4BB /* Resources */ = {
			isa = PBXResourcesBuildPhase;
			buildActionMask = 2147483647;
			files = (
				81B69DD31AEA9AC100D9E4BB /* Main.storyboard in Resources */,
				81B69DD81AEA9AC100D9E4BB /* LaunchScreen.xib in Resources */,
				81B69DD51AEA9AC100D9E4BB /* Images.xcassets in Resources */,
			);
			runOnlyForDeploymentPostprocessing = 0;
		};
		81B69DDB1AEA9AC100D9E4BB /* Resources */ = {
			isa = PBXResourcesBuildPhase;
			buildActionMask = 2147483647;
			files = (
			);
			runOnlyForDeploymentPostprocessing = 0;
		};
/* End PBXResourcesBuildPhase section */

/* Begin PBXSourcesBuildPhase section */
		81B69DC41AEA9AC100D9E4BB /* Sources */ = {
			isa = PBXSourcesBuildPhase;
			buildActionMask = 2147483647;
			files = (
				818D2CE01AF0525C00C3D278 /* BookSearchResultTable.swift in Sources */,
				818D2CD81AEDEA4F00C3D278 /* LoginView.swift in Sources */,
				81B69DCE1AEA9AC100D9E4BB /* AppDelegate.swift in Sources */,
			);
			runOnlyForDeploymentPostprocessing = 0;
		};
		81B69DD91AEA9AC100D9E4BB /* Sources */ = {
			isa = PBXSourcesBuildPhase;
			buildActionMask = 2147483647;
			files = (
				81B69DE41AEA9AC100D9E4BB /* TextCycleTests.swift in Sources */,
			);
			runOnlyForDeploymentPostprocessing = 0;
		};
/* End PBXSourcesBuildPhase section */

/* Begin PBXTargetDependency section */
		81B69DDF1AEA9AC100D9E4BB /* PBXTargetDependency */ = {
			isa = PBXTargetDependency;
			target = 81B69DC71AEA9AC100D9E4BB /* TextCycle */;
			targetProxy = 81B69DDE1AEA9AC100D9E4BB /* PBXContainerItemProxy */;
		};
/* End PBXTargetDependency section */

/* Begin PBXVariantGroup section */
		81B69DD11AEA9AC100D9E4BB /* Main.storyboard */ = {
			isa = PBXVariantGroup;
			children = (
				81B69DD21AEA9AC100D9E4BB /* Base */,
			);
			name = Main.storyboard;
			sourceTree = "<group>";
		};
		81B69DD61AEA9AC100D9E4BB /* LaunchScreen.xib */ = {
			isa = PBXVariantGroup;
			children = (
				81B69DD71AEA9AC100D9E4BB /* Base */,
			);
			name = LaunchScreen.xib;
			sourceTree = "<group>";
		};
/* End PBXVariantGroup section */

/* Begin XCBuildConfiguration section */
		81B69DE51AEA9AC100D9E4BB /* Debug */ = {
			isa = XCBuildConfiguration;
			buildSettings = {
				ALWAYS_SEARCH_USER_PATHS = NO;
				CLANG_CXX_LANGUAGE_STANDARD = "gnu++0x";
				CLANG_CXX_LIBRARY = "libc++";
				CLANG_ENABLE_MODULES = YES;
				CLANG_ENABLE_OBJC_ARC = YES;
				CLANG_WARN_BOOL_CONVERSION = YES;
				CLANG_WARN_CONSTANT_CONVERSION = YES;
				CLANG_WARN_DIRECT_OBJC_ISA_USAGE = YES_ERROR;
				CLANG_WARN_EMPTY_BODY = YES;
				CLANG_WARN_ENUM_CONVERSION = YES;
				CLANG_WARN_INT_CONVERSION = YES;
				CLANG_WARN_OBJC_ROOT_CLASS = YES_ERROR;
				CLANG_WARN_UNREACHABLE_CODE = YES;
				CLANG_WARN__DUPLICATE_METHOD_MATCH = YES;
				"CODE_SIGN_IDENTITY[sdk=iphoneos*]" = "iPhone Developer";
				COPY_PHASE_STRIP = NO;
				ENABLE_STRICT_OBJC_MSGSEND = YES;
				GCC_C_LANGUAGE_STANDARD = gnu99;
				GCC_DYNAMIC_NO_PIC = NO;
				GCC_OPTIMIZATION_LEVEL = 0;
				GCC_PREPROCESSOR_DEFINITIONS = (
					"DEBUG=1",
					"$(inherited)",
				);
				GCC_SYMBOLS_PRIVATE_EXTERN = NO;
				GCC_WARN_64_TO_32_BIT_CONVERSION = YES;
				GCC_WARN_ABOUT_RETURN_TYPE = YES_ERROR;
				GCC_WARN_UNDECLARED_SELECTOR = YES;
				GCC_WARN_UNINITIALIZED_AUTOS = YES_AGGRESSIVE;
				GCC_WARN_UNUSED_FUNCTION = YES;
				GCC_WARN_UNUSED_VARIABLE = YES;
				IPHONEOS_DEPLOYMENT_TARGET = 8.1;
				MTL_ENABLE_DEBUG_INFO = YES;
				ONLY_ACTIVE_ARCH = YES;
				SDKROOT = iphoneos;
				SWIFT_OPTIMIZATION_LEVEL = "-Onone";
				TARGETED_DEVICE_FAMILY = "1,2";
			};
			name = Debug;
		};
		81B69DE61AEA9AC100D9E4BB /* Release */ = {
			isa = XCBuildConfiguration;
			buildSettings = {
				ALWAYS_SEARCH_USER_PATHS = NO;
				CLANG_CXX_LANGUAGE_STANDARD = "gnu++0x";
				CLANG_CXX_LIBRARY = "libc++";
				CLANG_ENABLE_MODULES = YES;
				CLANG_ENABLE_OBJC_ARC = YES;
				CLANG_WARN_BOOL_CONVERSION = YES;
				CLANG_WARN_CONSTANT_CONVERSION = YES;
				CLANG_WARN_DIRECT_OBJC_ISA_USAGE = YES_ERROR;
				CLANG_WARN_EMPTY_BODY = YES;
				CLANG_WARN_ENUM_CONVERSION = YES;
				CLANG_WARN_INT_CONVERSION = YES;
				CLANG_WARN_OBJC_ROOT_CLASS = YES_ERROR;
				CLANG_WARN_UNREACHABLE_CODE = YES;
				CLANG_WARN__DUPLICATE_METHOD_MATCH = YES;
				"CODE_SIGN_IDENTITY[sdk=iphoneos*]" = "iPhone Developer";
				COPY_PHASE_STRIP = YES;
				ENABLE_NS_ASSERTIONS = NO;
				ENABLE_STRICT_OBJC_MSGSEND = YES;
				GCC_C_LANGUAGE_STANDARD = gnu99;
				GCC_WARN_64_TO_32_BIT_CONVERSION = YES;
				GCC_WARN_ABOUT_RETURN_TYPE = YES_ERROR;
				GCC_WARN_UNDECLARED_SELECTOR = YES;
				GCC_WARN_UNINITIALIZED_AUTOS = YES_AGGRESSIVE;
				GCC_WARN_UNUSED_FUNCTION = YES;
				GCC_WARN_UNUSED_VARIABLE = YES;
				IPHONEOS_DEPLOYMENT_TARGET = 8.1;
				MTL_ENABLE_DEBUG_INFO = NO;
				SDKROOT = iphoneos;
				TARGETED_DEVICE_FAMILY = "1,2";
				VALIDATE_PRODUCT = YES;
			};
			name = Release;
		};
		81B69DE81AEA9AC100D9E4BB /* Debug */ = {
			isa = XCBuildConfiguration;
			buildSettings = {
				ASSETCATALOG_COMPILER_APPICON_NAME = AppIcon;
				FRAMEWORK_SEARCH_PATHS = (
					"$(inherited)",
					"$(PROJECT_DIR)",
				);
				INFOPLIST_FILE = TextCycle/Info.plist;
				LD_RUNPATH_SEARCH_PATHS = "$(inherited) @executable_path/Frameworks";
				PRODUCT_NAME = "$(TARGET_NAME)";
			};
			name = Debug;
		};
		81B69DE91AEA9AC100D9E4BB /* Release */ = {
			isa = XCBuildConfiguration;
			buildSettings = {
				ASSETCATALOG_COMPILER_APPICON_NAME = AppIcon;
				FRAMEWORK_SEARCH_PATHS = (
					"$(inherited)",
					"$(PROJECT_DIR)",
				);
				INFOPLIST_FILE = TextCycle/Info.plist;
				LD_RUNPATH_SEARCH_PATHS = "$(inherited) @executable_path/Frameworks";
				PRODUCT_NAME = "$(TARGET_NAME)";
			};
			name = Release;
		};
		81B69DEB1AEA9AC100D9E4BB /* Debug */ = {
			isa = XCBuildConfiguration;
			buildSettings = {
				BUNDLE_LOADER = "$(TEST_HOST)";
				FRAMEWORK_SEARCH_PATHS = (
					"$(SDKROOT)/Developer/Library/Frameworks",
					"$(inherited)",
				);
				GCC_PREPROCESSOR_DEFINITIONS = (
					"DEBUG=1",
					"$(inherited)",
				);
				INFOPLIST_FILE = TextCycleTests/Info.plist;
				LD_RUNPATH_SEARCH_PATHS = "$(inherited) @executable_path/Frameworks @loader_path/Frameworks";
				PRODUCT_NAME = "$(TARGET_NAME)";
				TEST_HOST = "$(BUILT_PRODUCTS_DIR)/TextCycle.app/TextCycle";
			};
			name = Debug;
		};
		81B69DEC1AEA9AC100D9E4BB /* Release */ = {
			isa = XCBuildConfiguration;
			buildSettings = {
				BUNDLE_LOADER = "$(TEST_HOST)";
				FRAMEWORK_SEARCH_PATHS = (
					"$(SDKROOT)/Developer/Library/Frameworks",
					"$(inherited)",
				);
				INFOPLIST_FILE = TextCycleTests/Info.plist;
				LD_RUNPATH_SEARCH_PATHS = "$(inherited) @executable_path/Frameworks @loader_path/Frameworks";
				PRODUCT_NAME = "$(TARGET_NAME)";
				TEST_HOST = "$(BUILT_PRODUCTS_DIR)/TextCycle.app/TextCycle";
			};
			name = Release;
		};
/* End XCBuildConfiguration section */

/* Begin XCConfigurationList section */
		81B69DC31AEA9AC100D9E4BB /* Build configuration list for PBXProject "TextCycle" */ = {
			isa = XCConfigurationList;
			buildConfigurations = (
				81B69DE51AEA9AC100D9E4BB /* Debug */,
				81B69DE61AEA9AC100D9E4BB /* Release */,
			);
			defaultConfigurationIsVisible = 0;
			defaultConfigurationName = Release;
		};
		81B69DE71AEA9AC100D9E4BB /* Build configuration list for PBXNativeTarget "TextCycle" */ = {
			isa = XCConfigurationList;
			buildConfigurations = (
				81B69DE81AEA9AC100D9E4BB /* Debug */,
				81B69DE91AEA9AC100D9E4BB /* Release */,
			);
			defaultConfigurationIsVisible = 0;
			defaultConfigurationName = Release;
		};
		81B69DEA1AEA9AC100D9E4BB /* Build configuration list for PBXNativeTarget "TextCycleTests" */ = {
			isa = XCConfigurationList;
			buildConfigurations = (
				81B69DEB1AEA9AC100D9E4BB /* Debug */,
				81B69DEC1AEA9AC100D9E4BB /* Release */,
			);
			defaultConfigurationIsVisible = 0;
			defaultConfigurationName = Release;
		};
/* End XCConfigurationList section */
	};
	rootObject = 81B69DC01AEA9AC100D9E4BB /* Project object */;
}
